
Microsoft Visual Studio Solution File, Format Version 12.00
Project("{FAE04EC0-301F-11D3-BF4B-00C04F79EFBC}") = "Scellecs.Morpeh", "Scellecs.Morpeh\Scellecs.Morpeh.csproj", "{F56518AB-CD6E-4295-BA40-403D3006699D}"
EndProject
Project("{FAE04EC0-301F-11D3-BF4B-00C04F79EFBC}") = "Tests", "Tests\dotnet~\Tests.csproj", "{8FB12ACE-CEA0-48EC-A32D-198866C4920C}"
EndProject
Project("{FAE04EC0-301F-11D3-BF4B-00C04F79EFBC}") = "Benchmarks", "Benchmarks\dotnet~\Benchmarks.csproj", "{D8740D4C-6049-4C49-AFE8-68463B0E2D3B}"
EndProject
Project("{FAE04EC0-301F-11D3-BF4B-00C04F79EFBC}") = "Layout", "Layout~\Layout.csproj", "{2CFC092F-05C3-43C5-982A-0C819F7627BD}"
EndProject
Project("{FAE04EC0-301F-11D3-BF4B-00C04F79EFBC}") = "StaticGenerators", "StaticGenerators~\StaticGenerators.csproj", "{8DB198DD-4193-481E-9731-2F30DD80BB1C}"
EndProject
Project("{FAE04EC0-301F-11D3-BF4B-00C04F79EFBC}") = "SourceGenerators", "SourceGenerators~\SourceGenerators\SourceGenerators.csproj", "{56DC1B3D-AE43-4AC7-A995-D1D20058F2D1}"
EndProject
Project("{FAE04EC0-301F-11D3-BF4B-00C04F79EFBC}") = "SourceGenerators.Fiddle", "SourceGenerators~\SourceGenerators.Fiddle\SourceGenerators.Fiddle.csproj", "{A1662B81-EB19-427D-A269-6E8AE5F6849B}"
EndProject
Project("{FAE04EC0-301F-11D3-BF4B-00C04F79EFBC}") = "SourceGenerators.Tests", "SourceGenerators~\SourceGenerators.Tests\SourceGenerators.Tests.csproj", "{E1F3A639-F325-4F90-978A-B62529700616}"
EndProject
Global
	GlobalSection(SolutionConfigurationPlatforms) = preSolution
		Debug|Any CPU = Debug|Any CPU
		Release|Any CPU = Release|Any CPU
	EndGlobalSection
	GlobalSection(ProjectConfigurationPlatforms) = postSolution
		{F56518AB-CD6E-4295-BA40-403D3006699D}.Debug|Any CPU.ActiveCfg = Debug|Any CPU
		{F56518AB-CD6E-4295-BA40-403D3006699D}.Debug|Any CPU.Build.0 = Debug|Any CPU
		{F56518AB-CD6E-4295-BA40-403D3006699D}.Release|Any CPU.ActiveCfg = Release|Any CPU
		{F56518AB-CD6E-4295-BA40-403D3006699D}.Release|Any CPU.Build.0 = Release|Any CPU
		{8FB12ACE-CEA0-48EC-A32D-198866C4920C}.Debug|Any CPU.ActiveCfg = Debug|Any CPU
		{8FB12ACE-CEA0-48EC-A32D-198866C4920C}.Debug|Any CPU.Build.0 = Debug|Any CPU
		{8FB12ACE-CEA0-48EC-A32D-198866C4920C}.Release|Any CPU.ActiveCfg = Release|Any CPU
		{8FB12ACE-CEA0-48EC-A32D-198866C4920C}.Release|Any CPU.Build.0 = Release|Any CPU
		{D8740D4C-6049-4C49-AFE8-68463B0E2D3B}.Debug|Any CPU.ActiveCfg = Debug|Any CPU
		{D8740D4C-6049-4C49-AFE8-68463B0E2D3B}.Debug|Any CPU.Build.0 = Debug|Any CPU
		{D8740D4C-6049-4C49-AFE8-68463B0E2D3B}.Release|Any CPU.ActiveCfg = Release|Any CPU
		{D8740D4C-6049-4C49-AFE8-68463B0E2D3B}.Release|Any CPU.Build.0 = Release|Any CPU
		{2CFC092F-05C3-43C5-982A-0C819F7627BD}.Debug|Any CPU.ActiveCfg = Debug|Any CPU
		{2CFC092F-05C3-43C5-982A-0C819F7627BD}.Debug|Any CPU.Build.0 = Debug|Any CPU
		{2CFC092F-05C3-43C5-982A-0C819F7627BD}.Release|Any CPU.ActiveCfg = Release|Any CPU
		{2CFC092F-05C3-43C5-982A-0C819F7627BD}.Release|Any CPU.Build.0 = Release|Any CPU
		{8DB198DD-4193-481E-9731-2F30DD80BB1C}.Debug|Any CPU.ActiveCfg = Debug|Any CPU
		{8DB198DD-4193-481E-9731-2F30DD80BB1C}.Debug|Any CPU.Build.0 = Debug|Any CPU
		{8DB198DD-4193-481E-9731-2F30DD80BB1C}.Release|Any CPU.ActiveCfg = Release|Any CPU
		{8DB198DD-4193-481E-9731-2F30DD80BB1C}.Release|Any CPU.Build.0 = Release|Any CPU
		{56DC1B3D-AE43-4AC7-A995-D1D20058F2D1}.Debug|Any CPU.ActiveCfg = Debug|Any CPU
		{56DC1B3D-AE43-4AC7-A995-D1D20058F2D1}.Debug|Any CPU.Build.0 = Debug|Any CPU
		{56DC1B3D-AE43-4AC7-A995-D1D20058F2D1}.Release|Any CPU.ActiveCfg = Release|Any CPU
		{56DC1B3D-AE43-4AC7-A995-D1D20058F2D1}.Release|Any CPU.Build.0 = Release|Any CPU
		{A1662B81-EB19-427D-A269-6E8AE5F6849B}.Debug|Any CPU.ActiveCfg = Debug|Any CPU
		{A1662B81-EB19-427D-A269-6E8AE5F6849B}.Debug|Any CPU.Build.0 = Debug|Any CPU
		{A1662B81-EB19-427D-A269-6E8AE5F6849B}.Release|Any CPU.ActiveCfg = Release|Any CPU
		{A1662B81-EB19-427D-A269-6E8AE5F6849B}.Release|Any CPU.Build.0 = Release|Any CPU
		{E1F3A639-F325-4F90-978A-B62529700616}.Debug|Any CPU.ActiveCfg = Debug|Any CPU
		{E1F3A639-F325-4F90-978A-B62529700616}.Debug|Any CPU.Build.0 = Debug|Any CPU
		{E1F3A639-F325-4F90-978A-B62529700616}.Release|Any CPU.ActiveCfg = Release|Any CPU
		{E1F3A639-F325-4F90-978A-B62529700616}.Release|Any CPU.Build.0 = Release|Any CPU
	EndGlobalSection
EndGlobal
